// !$*UTF8*$!
{
	archiveVersion = 1;
	classes = {
	};
	objectVersion = 56;
	objects = {

/* Begin PBXBuildFile section */
		DD0CAA682D78D75E00F083CB /* Potawatomi_OnlineApp.swift in Sources */ = {isa = PBXBuildFile; fileRef = DD0CAA672D78D75E00F083CB /* Potawatomi_OnlineApp.swift */; };
		DD0CAA6C2D78D75F00F083CB /* Assets.xcassets in Resources */ = {isa = PBXBuildFile; fileRef = DD0CAA6B2D78D75F00F083CB /* Assets.xcassets */; };
		DD0CAA702D78D75F00F083CB /* Preview Assets.xcassets in Resources */ = {isa = PBXBuildFile; fileRef = DD0CAA6F2D78D75F00F083CB /* Preview Assets.xcassets */; };
		DD0CAA7E2D78DF1400F083CB /* Background.swift in Sources */ = {isa = PBXBuildFile; fileRef = DD0CAA7D2D78DF1400F083CB /* Background.swift */; };
		DD0CAA802D78DF2900F083CB /* SizeExtention.swift in Sources */ = {isa = PBXBuildFile; fileRef = DD0CAA7F2D78DF2900F083CB /* SizeExtention.swift */; };
		DD0CAA822D78DF3700F083CB /* ColorExtention.swift in Sources */ = {isa = PBXBuildFile; fileRef = DD0CAA812D78DF3700F083CB /* ColorExtention.swift */; };
		DD0CAA842D78E02200F083CB /* Model.swift in Sources */ = {isa = PBXBuildFile; fileRef = DD0CAA832D78E02200F083CB /* Model.swift */; };
		DD0CAA862D78E06600F083CB /* Loading.swift in Sources */ = {isa = PBXBuildFile; fileRef = DD0CAA852D78E06600F083CB /* Loading.swift */; };
		DD0CAA882D78E06F00F083CB /* Menu.swift in Sources */ = {isa = PBXBuildFile; fileRef = DD0CAA872D78E06F00F083CB /* Menu.swift */; };
		DD0CAA8A2D78E07900F083CB /* Game.swift in Sources */ = {isa = PBXBuildFile; fileRef = DD0CAA892D78E07900F083CB /* Game.swift */; };
		DD0CAA8C2D78E0A000F083CB /* Coordinator.swift in Sources */ = {isa = PBXBuildFile; fileRef = DD0CAA8B2D78E0A000F083CB /* Coordinator.swift */; };
		DD0CAA8E2D78E17500F083CB /* PassionOne-Regular.ttf in Resources */ = {isa = PBXBuildFile; fileRef = DD0CAA8D2D78E17500F083CB /* PassionOne-Regular.ttf */; };
		DD0CAA912D78EDAE00F083CB /* ChoseGameMode.swift in Sources */ = {isa = PBXBuildFile; fileRef = DD0CAA902D78EDAE00F083CB /* ChoseGameMode.swift */; };
		DD75F0E52D7F488900C1A4D5 /* WinView.swift in Sources */ = {isa = PBXBuildFile; fileRef = DD75F0E42D7F488900C1A4D5 /* WinView.swift */; };
		DD75F0E72D7F4A6700C1A4D5 /* LoseView.swift in Sources */ = {isa = PBXBuildFile; fileRef = DD75F0E62D7F4A6700C1A4D5 /* LoseView.swift */; };
		DD75F0E92D7F4B4900C1A4D5 /* PauseView.swift in Sources */ = {isa = PBXBuildFile; fileRef = DD75F0E82D7F4B4900C1A4D5 /* PauseView.swift */; };
		DD75F0EB2D7F60B200C1A4D5 /* Shop.swift in Sources */ = {isa = PBXBuildFile; fileRef = DD75F0EA2D7F60B200C1A4D5 /* Shop.swift */; };
		DD75F0ED2D7F935C00C1A4D5 /* HowToPlay.swift in Sources */ = {isa = PBXBuildFile; fileRef = DD75F0EC2D7F935C00C1A4D5 /* HowToPlay.swift */; };
		DD75F0EF2D7F9A1800C1A4D5 /* Settings.swift in Sources */ = {isa = PBXBuildFile; fileRef = DD75F0EE2D7F9A1800C1A4D5 /* Settings.swift */; };
		DD75F0F12D80466900C1A4D5 /* Controller.swift in Sources */ = {isa = PBXBuildFile; fileRef = DD75F0F02D80466900C1A4D5 /* Controller.swift */; };
		DD75F0F42D80519200C1A4D5 /* musicMain.mp3 in Resources */ = {isa = PBXBuildFile; fileRef = DD75F0F32D80519200C1A4D5 /* musicMain.mp3 */; };
		DD75F0F62D80522F00C1A4D5 /* lineSound.mp3 in Resources */ = {isa = PBXBuildFile; fileRef = DD75F0F52D80522F00C1A4D5 /* lineSound.mp3 */; };
		DD75F0F92D8052C900C1A4D5 /* failSound.mp3 in Resources */ = {isa = PBXBuildFile; fileRef = DD75F0F72D8052C900C1A4D5 /* failSound.mp3 */; };
		DD75F0FA2D8052C900C1A4D5 /* winSound.mp3 in Resources */ = {isa = PBXBuildFile; fileRef = DD75F0F82D8052C900C1A4D5 /* winSound.mp3 */; };
		DD75F0FC2D80535A00C1A4D5 /* tapSound1.mp3 in Resources */ = {isa = PBXBuildFile; fileRef = DD75F0FB2D80535A00C1A4D5 /* tapSound1.mp3 */; };
		DDEF9BF02D7A119B00108ECF /* SoundManager.swift in Sources */ = {isa = PBXBuildFile; fileRef = DDEF9BEF2D7A119B00108ECF /* SoundManager.swift */; };
/* End PBXBuildFile section */

/* Begin PBXFileReference section */
		DD0CAA642D78D75E00F083CB /* Potawatomi Online.app */ = {isa = PBXFileReference; explicitFileType = wrapper.application; includeInIndex = 0; path = "Potawatomi Online.app"; sourceTree = BUILT_PRODUCTS_DIR; };
		DD0CAA672D78D75E00F083CB /* Potawatomi_OnlineApp.swift */ = {isa = PBXFileReference; lastKnownFileType = sourcecode.swift; path = Potawatomi_OnlineApp.swift; sourceTree = "<group>"; };
		DD0CAA6B2D78D75F00F083CB /* Assets.xcassets */ = {isa = PBXFileReference; lastKnownFileType = folder.assetcatalog; path = Assets.xcassets; sourceTree = "<group>"; };
		DD0CAA6D2D78D75F00F083CB /* Potawatomi_Online.entitlements */ = {isa = PBXFileReference; lastKnownFileType = text.plist.entitlements; path = Potawatomi_Online.entitlements; sourceTree = "<group>"; };
		DD0CAA6F2D78D75F00F083CB /* Preview Assets.xcassets */ = {isa = PBXFileReference; lastKnownFileType = folder.assetcatalog; path = "Preview Assets.xcassets"; sourceTree = "<group>"; };
		DD0CAA7D2D78DF1400F083CB /* Background.swift */ = {isa = PBXFileReference; lastKnownFileType = sourcecode.swift; path = Background.swift; sourceTree = "<group>"; };
		DD0CAA7F2D78DF2900F083CB /* SizeExtention.swift */ = {isa = PBXFileReference; lastKnownFileType = sourcecode.swift; path = SizeExtention.swift; sourceTree = "<group>"; };
		DD0CAA812D78DF3700F083CB /* ColorExtention.swift */ = {isa = PBXFileReference; lastKnownFileType = sourcecode.swift; path = ColorExtention.swift; sourceTree = "<group>"; };
		DD0CAA832D78E02200F083CB /* Model.swift */ = {isa = PBXFileReference; lastKnownFileType = sourcecode.swift; path = Model.swift; sourceTree = "<group>"; };
		DD0CAA852D78E06600F083CB /* Loading.swift */ = {isa = PBXFileReference; lastKnownFileType = sourcecode.swift; path = Loading.swift; sourceTree = "<group>"; };
		DD0CAA872D78E06F00F083CB /* Menu.swift */ = {isa = PBXFileReference; lastKnownFileType = sourcecode.swift; path = Menu.swift; sourceTree = "<group>"; };
		DD0CAA892D78E07900F083CB /* Game.swift */ = {isa = PBXFileReference; lastKnownFileType = sourcecode.swift; path = Game.swift; sourceTree = "<group>"; };
		DD0CAA8B2D78E0A000F083CB /* Coordinator.swift */ = {isa = PBXFileReference; lastKnownFileType = sourcecode.swift; path = Coordinator.swift; sourceTree = "<group>"; };
		DD0CAA8D2D78E17500F083CB /* PassionOne-Regular.ttf */ = {isa = PBXFileReference; lastKnownFileType = file; path = "PassionOne-Regular.ttf"; sourceTree = "<group>"; };
		DD0CAA8F2D78E18200F083CB /* Potawatomi-Online-Info.plist */ = {isa = PBXFileReference; lastKnownFileType = text.plist; path = "Potawatomi-Online-Info.plist"; sourceTree = SOURCE_ROOT; };
		DD0CAA902D78EDAE00F083CB /* ChoseGameMode.swift */ = {isa = PBXFileReference; lastKnownFileType = sourcecode.swift; path = ChoseGameMode.swift; sourceTree = "<group>"; };
		DD75F0E42D7F488900C1A4D5 /* WinView.swift */ = {isa = PBXFileReference; lastKnownFileType = sourcecode.swift; path = WinView.swift; sourceTree = "<group>"; };
		DD75F0E62D7F4A6700C1A4D5 /* LoseView.swift */ = {isa = PBXFileReference; lastKnownFileType = sourcecode.swift; path = LoseView.swift; sourceTree = "<group>"; };
		DD75F0E82D7F4B4900C1A4D5 /* PauseView.swift */ = {isa = PBXFileReference; lastKnownFileType = sourcecode.swift; path = PauseView.swift; sourceTree = "<group>"; };
		DD75F0EA2D7F60B200C1A4D5 /* Shop.swift */ = {isa = PBXFileReference; lastKnownFileType = sourcecode.swift; path = Shop.swift; sourceTree = "<group>"; };
		DD75F0EC2D7F935C00C1A4D5 /* HowToPlay.swift */ = {isa = PBXFileReference; lastKnownFileType = sourcecode.swift; path = HowToPlay.swift; sourceTree = "<group>"; };
		DD75F0EE2D7F9A1800C1A4D5 /* Settings.swift */ = {isa = PBXFileReference; lastKnownFileType = sourcecode.swift; path = Settings.swift; sourceTree = "<group>"; };
		DD75F0F02D80466900C1A4D5 /* Controller.swift */ = {isa = PBXFileReference; lastKnownFileType = sourcecode.swift; path = Controller.swift; sourceTree = "<group>"; };
		DD75F0F22D8046CE00C1A4D5 /* PrivacyInfo.xcprivacy */ = {isa = PBXFileReference; lastKnownFileType = text.xml; path = PrivacyInfo.xcprivacy; sourceTree = "<group>"; };
		DD75F0F32D80519200C1A4D5 /* musicMain.mp3 */ = {isa = PBXFileReference; lastKnownFileType = audio.mp3; path = musicMain.mp3; sourceTree = "<group>"; };
		DD75F0F52D80522F00C1A4D5 /* lineSound.mp3 */ = {isa = PBXFileReference; lastKnownFileType = audio.mp3; path = lineSound.mp3; sourceTree = "<group>"; };
		DD75F0F72D8052C900C1A4D5 /* failSound.mp3 */ = {isa = PBXFileReference; lastKnownFileType = audio.mp3; path = failSound.mp3; sourceTree = "<group>"; };
		DD75F0F82D8052C900C1A4D5 /* winSound.mp3 */ = {isa = PBXFileReference; lastKnownFileType = audio.mp3; path = winSound.mp3; sourceTree = "<group>"; };
		DD75F0FB2D80535A00C1A4D5 /* tapSound1.mp3 */ = {isa = PBXFileReference; lastKnownFileType = audio.mp3; path = tapSound1.mp3; sourceTree = "<group>"; };
		DDEF9BEF2D7A119B00108ECF /* SoundManager.swift */ = {isa = PBXFileReference; lastKnownFileType = sourcecode.swift; path = SoundManager.swift; sourceTree = "<group>"; };
/* End PBXFileReference section */

/* Begin PBXFrameworksBuildPhase section */
		DD0CAA612D78D75E00F083CB /* Frameworks */ = {
			isa = PBXFrameworksBuildPhase;
			buildActionMask = 2147483647;
			files = (
			);
			runOnlyForDeploymentPostprocessing = 0;
		};
/* End PBXFrameworksBuildPhase section */

/* Begin PBXGroup section */
		DD0CAA5B2D78D75E00F083CB = {
			isa = PBXGroup;
			children = (
				DD75F0F22D8046CE00C1A4D5 /* PrivacyInfo.xcprivacy */,
				DD0CAA662D78D75E00F083CB /* Potawatomi Online */,
				DD0CAA652D78D75E00F083CB /* Products */,
			);
			sourceTree = "<group>";
		};
		DD0CAA652D78D75E00F083CB /* Products */ = {
			isa = PBXGroup;
			children = (
				DD0CAA642D78D75E00F083CB /* Potawatomi Online.app */,
			);
			name = Products;
			sourceTree = "<group>";
		};
		DD0CAA662D78D75E00F083CB /* Potawatomi Online */ = {
			isa = PBXGroup;
			children = (
				DD0CAA8F2D78E18200F083CB /* Potawatomi-Online-Info.plist */,
				DD0CAA672D78D75E00F083CB /* Potawatomi_OnlineApp.swift */,
				DD0CAA7C2D78DF0300F083CB /* Views */,
				DD0CAA7B2D78DEFB00F083CB /* SubViews */,
				DD0CAA7A2D78DB1100F083CB /* Extentions */,
				DD0CAA792D78DB0500F083CB /* Coordinator */,
				DD0CAA782D78DAFE00F083CB /* Fonts */,
				DD0CAA772D78DAF800F083CB /* Models */,
				DD0CAA762D78DAEF00F083CB /* Sounds */,
				DD0CAA6B2D78D75F00F083CB /* Assets.xcassets */,
				DD0CAA6D2D78D75F00F083CB /* Potawatomi_Online.entitlements */,
				DD0CAA6E2D78D75F00F083CB /* Preview Content */,
			);
			path = "Potawatomi Online";
			sourceTree = "<group>";
		};
		DD0CAA6E2D78D75F00F083CB /* Preview Content */ = {
			isa = PBXGroup;
			children = (
				DD0CAA6F2D78D75F00F083CB /* Preview Assets.xcassets */,
			);
			path = "Preview Content";
			sourceTree = "<group>";
		};
		DD0CAA762D78DAEF00F083CB /* Sounds */ = {
			isa = PBXGroup;
			children = (
				DD75F0FB2D80535A00C1A4D5 /* tapSound1.mp3 */,
				DD75F0F72D8052C900C1A4D5 /* failSound.mp3 */,
				DD75F0F82D8052C900C1A4D5 /* winSound.mp3 */,
				DD75F0F52D80522F00C1A4D5 /* lineSound.mp3 */,
				DD75F0F32D80519200C1A4D5 /* musicMain.mp3 */,
				DDEF9BEF2D7A119B00108ECF /* SoundManager.swift */,
			);
			path = Sounds;
			sourceTree = "<group>";
		};
		DD0CAA772D78DAF800F083CB /* Models */ = {
			isa = PBXGroup;
			children = (
				DD0CAA832D78E02200F083CB /* Model.swift */,
			);
			path = Models;
			sourceTree = "<group>";
		};
		DD0CAA782D78DAFE00F083CB /* Fonts */ = {
			isa = PBXGroup;
			children = (
				DD0CAA8D2D78E17500F083CB /* PassionOne-Regular.ttf */,
			);
			path = Fonts;
			sourceTree = "<group>";
		};
		DD0CAA792D78DB0500F083CB /* Coordinator */ = {
			isa = PBXGroup;
			children = (
				DD0CAA8B2D78E0A000F083CB /* Coordinator.swift */,
			);
			path = Coordinator;
			sourceTree = "<group>";
		};
		DD0CAA7A2D78DB1100F083CB /* Extentions */ = {
			isa = PBXGroup;
			children = (
				DD0CAA7F2D78DF2900F083CB /* SizeExtention.swift */,
				DD0CAA812D78DF3700F083CB /* ColorExtention.swift */,
			);
			path = Extentions;
			sourceTree = "<group>";
		};
		DD0CAA7B2D78DEFB00F083CB /* SubViews */ = {
			isa = PBXGroup;
			children = (
				DD0CAA7D2D78DF1400F083CB /* Background.swift */,
				DD75F0E42D7F488900C1A4D5 /* WinView.swift */,
				DD75F0E62D7F4A6700C1A4D5 /* LoseView.swift */,
				DD75F0E82D7F4B4900C1A4D5 /* PauseView.swift */,
				DD75F0EA2D7F60B200C1A4D5 /* Shop.swift */,
				DD75F0EC2D7F935C00C1A4D5 /* HowToPlay.swift */,
				DD75F0EE2D7F9A1800C1A4D5 /* Settings.swift */,
				DD75F0F02D80466900C1A4D5 /* Controller.swift */,
			);
			path = SubViews;
			sourceTree = "<group>";
		};
		DD0CAA7C2D78DF0300F083CB /* Views */ = {
			isa = PBXGroup;
			children = (
				DD0CAA852D78E06600F083CB /* Loading.swift */,
				DD0CAA872D78E06F00F083CB /* Menu.swift */,
				DD0CAA902D78EDAE00F083CB /* ChoseGameMode.swift */,
				DD0CAA892D78E07900F083CB /* Game.swift */,
			);
			path = Views;
			sourceTree = "<group>";
		};
/* End PBXGroup section */

/* Begin PBXNativeTarget section */
		DD0CAA632D78D75E00F083CB /* Potawatomi Online */ = {
			isa = PBXNativeTarget;
			buildConfigurationList = DD0CAA732D78D75F00F083CB /* Build configuration list for PBXNativeTarget "Potawatomi Online" */;
			buildPhases = (
				DD0CAA602D78D75E00F083CB /* Sources */,
				DD0CAA612D78D75E00F083CB /* Frameworks */,
				DD0CAA622D78D75E00F083CB /* Resources */,
			);
			buildRules = (
			);
			dependencies = (
			);
			name = "Potawatomi Online";
			productName = "Potawatomi Online";
			productReference = DD0CAA642D78D75E00F083CB /* Potawatomi Online.app */;
			productType = "com.apple.product-type.application";
		};
/* End PBXNativeTarget section */

/* Begin PBXProject section */
		DD0CAA5C2D78D75E00F083CB /* Project object */ = {
			isa = PBXProject;
			attributes = {
				BuildIndependentTargetsInParallel = 1;
				LastSwiftUpdateCheck = 1540;
				LastUpgradeCheck = 1540;
				TargetAttributes = {
					DD0CAA632D78D75E00F083CB = {
						CreatedOnToolsVersion = 15.4;
					};
				};
			};
			buildConfigurationList = DD0CAA5F2D78D75E00F083CB /* Build configuration list for PBXProject "Potawatomi Online" */;
			compatibilityVersion = "Xcode 14.0";
			developmentRegion = en;
			hasScannedForEncodings = 0;
			knownRegions = (
				en,
				Base,
			);
			mainGroup = DD0CAA5B2D78D75E00F083CB;
			productRefGroup = DD0CAA652D78D75E00F083CB /* Products */;
			projectDirPath = "";
			projectRoot = "";
			targets = (
				DD0CAA632D78D75E00F083CB /* Potawatomi Online */,
			);
		};
/* End PBXProject section */

/* Begin PBXResourcesBuildPhase section */
		DD0CAA622D78D75E00F083CB /* Resources */ = {
			isa = PBXResourcesBuildPhase;
			buildActionMask = 2147483647;
			files = (
				DD75F0FC2D80535A00C1A4D5 /* tapSound1.mp3 in Resources */,
				DD0CAA702D78D75F00F083CB /* Preview Assets.xcassets in Resources */,
				DD75F0F42D80519200C1A4D5 /* musicMain.mp3 in Resources */,
				DD75F0FA2D8052C900C1A4D5 /* winSound.mp3 in Resources */,
				DD75F0F62D80522F00C1A4D5 /* lineSound.mp3 in Resources */,
				DD0CAA8E2D78E17500F083CB /* PassionOne-Regular.ttf in Resources */,
				DD75F0F92D8052C900C1A4D5 /* failSound.mp3 in Resources */,
				DD0CAA6C2D78D75F00F083CB /* Assets.xcassets in Resources */,
			);
			runOnlyForDeploymentPostprocessing = 0;
		};
/* End PBXResourcesBuildPhase section */

/* Begin PBXSourcesBuildPhase section */
		DD0CAA602D78D75E00F083CB /* Sources */ = {
			isa = PBXSourcesBuildPhase;
			buildActionMask = 2147483647;
			files = (
				DD0CAA8A2D78E07900F083CB /* Game.swift in Sources */,
				DD75F0ED2D7F935C00C1A4D5 /* HowToPlay.swift in Sources */,
				DD0CAA682D78D75E00F083CB /* Potawatomi_OnlineApp.swift in Sources */,
				DD75F0EF2D7F9A1800C1A4D5 /* Settings.swift in Sources */,
				DD0CAA882D78E06F00F083CB /* Menu.swift in Sources */,
				DD75F0EB2D7F60B200C1A4D5 /* Shop.swift in Sources */,
				DD0CAA912D78EDAE00F083CB /* ChoseGameMode.swift in Sources */,
				DD0CAA822D78DF3700F083CB /* ColorExtention.swift in Sources */,
				DD0CAA842D78E02200F083CB /* Model.swift in Sources */,
				DD75F0F12D80466900C1A4D5 /* Controller.swift in Sources */,
				DD0CAA862D78E06600F083CB /* Loading.swift in Sources */,
				DD0CAA7E2D78DF1400F083CB /* Background.swift in Sources */,
				DD0CAA802D78DF2900F083CB /* SizeExtention.swift in Sources */,
				DD75F0E52D7F488900C1A4D5 /* WinView.swift in Sources */,
				DD75F0E72D7F4A6700C1A4D5 /* LoseView.swift in Sources */,
				DDEF9BF02D7A119B00108ECF /* SoundManager.swift in Sources */,
				DD0CAA8C2D78E0A000F083CB /* Coordinator.swift in Sources */,
				DD75F0E92D7F4B4900C1A4D5 /* PauseView.swift in Sources */,
			);
			runOnlyForDeploymentPostprocessing = 0;
		};
/* End PBXSourcesBuildPhase section */

/* Begin XCBuildConfiguration section */
		DD0CAA712D78D75F00F083CB /* Debug */ = {
			isa = XCBuildConfiguration;
			buildSettings = {
				ALWAYS_SEARCH_USER_PATHS = NO;
				ASSETCATALOG_COMPILER_GENERATE_SWIFT_ASSET_SYMBOL_EXTENSIONS = YES;
				CLANG_ANALYZER_NONNULL = YES;
				CLANG_ANALYZER_NUMBER_OBJECT_CONVERSION = YES_AGGRESSIVE;
				CLANG_CXX_LANGUAGE_STANDARD = "gnu++20";
				CLANG_ENABLE_MODULES = YES;
				CLANG_ENABLE_OBJC_ARC = YES;
				CLANG_ENABLE_OBJC_WEAK = YES;
				CLANG_WARN_BLOCK_CAPTURE_AUTORELEASING = YES;
				CLANG_WARN_BOOL_CONVERSION = YES;
				CLANG_WARN_COMMA = YES;
				CLANG_WARN_CONSTANT_CONVERSION = YES;
				CLANG_WARN_DEPRECATED_OBJC_IMPLEMENTATIONS = YES;
				CLANG_WARN_DIRECT_OBJC_ISA_USAGE = YES_ERROR;
				CLANG_WARN_DOCUMENTATION_COMMENTS = YES;
				CLANG_WARN_EMPTY_BODY = YES;
				CLANG_WARN_ENUM_CONVERSION = YES;
				CLANG_WARN_INFINITE_RECURSION = YES;
				CLANG_WARN_INT_CONVERSION = YES;
				CLANG_WARN_NON_LITERAL_NULL_CONVERSION = YES;
				CLANG_WARN_OBJC_IMPLICIT_RETAIN_SELF = YES;
				CLANG_WARN_OBJC_LITERAL_CONVERSION = YES;
				CLANG_WARN_OBJC_ROOT_CLASS = YES_ERROR;
				CLANG_WARN_QUOTED_INCLUDE_IN_FRAMEWORK_HEADER = YES;
				CLANG_WARN_RANGE_LOOP_ANALYSIS = YES;
				CLANG_WARN_STRICT_PROTOTYPES = YES;
				CLANG_WARN_SUSPICIOUS_MOVE = YES;
				CLANG_WARN_UNGUARDED_AVAILABILITY = YES_AGGRESSIVE;
				CLANG_WARN_UNREACHABLE_CODE = YES;
				CLANG_WARN__DUPLICATE_METHOD_MATCH = YES;
				COPY_PHASE_STRIP = NO;
				DEBUG_INFORMATION_FORMAT = dwarf;
				ENABLE_STRICT_OBJC_MSGSEND = YES;
				ENABLE_TESTABILITY = YES;
				ENABLE_USER_SCRIPT_SANDBOXING = YES;
				GCC_C_LANGUAGE_STANDARD = gnu17;
				GCC_DYNAMIC_NO_PIC = NO;
				GCC_NO_COMMON_BLOCKS = YES;
				GCC_OPTIMIZATION_LEVEL = 0;
				GCC_PREPROCESSOR_DEFINITIONS = (
					"DEBUG=1",
					"$(inherited)",
				);
				GCC_WARN_64_TO_32_BIT_CONVERSION = YES;
				GCC_WARN_ABOUT_RETURN_TYPE = YES_ERROR;
				GCC_WARN_UNDECLARED_SELECTOR = YES;
				GCC_WARN_UNINITIALIZED_AUTOS = YES_AGGRESSIVE;
				GCC_WARN_UNUSED_FUNCTION = YES;
				GCC_WARN_UNUSED_VARIABLE = YES;
				LOCALIZATION_PREFERS_STRING_CATALOGS = YES;
				MTL_ENABLE_DEBUG_INFO = INCLUDE_SOURCE;
				MTL_FAST_MATH = YES;
				ONLY_ACTIVE_ARCH = YES;
				SWIFT_ACTIVE_COMPILATION_CONDITIONS = "DEBUG $(inherited)";
				SWIFT_OPTIMIZATION_LEVEL = "-Onone";
			};
			name = Debug;
		};
		DD0CAA722D78D75F00F083CB /* Release */ = {
			isa = XCBuildConfiguration;
			buildSettings = {
				ALWAYS_SEARCH_USER_PATHS = NO;
				ASSETCATALOG_COMPILER_GENERATE_SWIFT_ASSET_SYMBOL_EXTENSIONS = YES;
				CLANG_ANALYZER_NONNULL = YES;
				CLANG_ANALYZER_NUMBER_OBJECT_CONVERSION = YES_AGGRESSIVE;
				CLANG_CXX_LANGUAGE_STANDARD = "gnu++20";
				CLANG_ENABLE_MODULES = YES;
				CLANG_ENABLE_OBJC_ARC = YES;
				CLANG_ENABLE_OBJC_WEAK = YES;
				CLANG_WARN_BLOCK_CAPTURE_AUTORELEASING = YES;
				CLANG_WARN_BOOL_CONVERSION = YES;
				CLANG_WARN_COMMA = YES;
				CLANG_WARN_CONSTANT_CONVERSION = YES;
				CLANG_WARN_DEPRECATED_OBJC_IMPLEMENTATIONS = YES;
				CLANG_WARN_DIRECT_OBJC_ISA_USAGE = YES_ERROR;
				CLANG_WARN_DOCUMENTATION_COMMENTS = YES;
				CLANG_WARN_EMPTY_BODY = YES;
				CLANG_WARN_ENUM_CONVERSION = YES;
				CLANG_WARN_INFINITE_RECURSION = YES;
				CLANG_WARN_INT_CONVERSION = YES;
				CLANG_WARN_NON_LITERAL_NULL_CONVERSION = YES;
				CLANG_WARN_OBJC_IMPLICIT_RETAIN_SELF = YES;
				CLANG_WARN_OBJC_LITERAL_CONVERSION = YES;
				CLANG_WARN_OBJC_ROOT_CLASS = YES_ERROR;
				CLANG_WARN_QUOTED_INCLUDE_IN_FRAMEWORK_HEADER = YES;
				CLANG_WARN_RANGE_LOOP_ANALYSIS = YES;
				CLANG_WARN_STRICT_PROTOTYPES = YES;
				CLANG_WARN_SUSPICIOUS_MOVE = YES;
				CLANG_WARN_UNGUARDED_AVAILABILITY = YES_AGGRESSIVE;
				CLANG_WARN_UNREACHABLE_CODE = YES;
				CLANG_WARN__DUPLICATE_METHOD_MATCH = YES;
				COPY_PHASE_STRIP = NO;
				DEBUG_INFORMATION_FORMAT = "dwarf-with-dsym";
				ENABLE_NS_ASSERTIONS = NO;
				ENABLE_STRICT_OBJC_MSGSEND = YES;
				ENABLE_USER_SCRIPT_SANDBOXING = YES;
				GCC_C_LANGUAGE_STANDARD = gnu17;
				GCC_NO_COMMON_BLOCKS = YES;
				GCC_WARN_64_TO_32_BIT_CONVERSION = YES;
				GCC_WARN_ABOUT_RETURN_TYPE = YES_ERROR;
				GCC_WARN_UNDECLARED_SELECTOR = YES;
				GCC_WARN_UNINITIALIZED_AUTOS = YES_AGGRESSIVE;
				GCC_WARN_UNUSED_FUNCTION = YES;
				GCC_WARN_UNUSED_VARIABLE = YES;
				LOCALIZATION_PREFERS_STRING_CATALOGS = YES;
				MTL_ENABLE_DEBUG_INFO = NO;
				MTL_FAST_MATH = YES;
				SWIFT_COMPILATION_MODE = wholemodule;
			};
			name = Release;
		};
		DD0CAA742D78D75F00F083CB /* Debug */ = {
			isa = XCBuildConfiguration;
			buildSettings = {
				ASSETCATALOG_COMPILER_APPICON_NAME = AppIcon;
				ASSETCATALOG_COMPILER_GLOBAL_ACCENT_COLOR_NAME = AccentColor;
				CODE_SIGN_ENTITLEMENTS = "Potawatomi Online/Potawatomi_Online.entitlements";
				CODE_SIGN_IDENTITY = "Apple Development";
				CODE_SIGN_STYLE = Automatic;
				CURRENT_PROJECT_VERSION = 1;
				DEVELOPMENT_ASSET_PATHS = "\"Potawatomi Online/Preview Content\"";
				DEVELOPMENT_TEAM = "";
				ENABLE_HARDENED_RUNTIME = YES;
				ENABLE_PREVIEWS = YES;
				GENERATE_INFOPLIST_FILE = YES;
				INFOPLIST_FILE = "Potawatomi-Online-Info.plist";
				"INFOPLIST_KEY_UIApplicationSceneManifest_Generation[sdk=iphoneos*]" = YES;
				"INFOPLIST_KEY_UIApplicationSceneManifest_Generation[sdk=iphonesimulator*]" = YES;
				"INFOPLIST_KEY_UIApplicationSupportsIndirectInputEvents[sdk=iphoneos*]" = YES;
				"INFOPLIST_KEY_UIApplicationSupportsIndirectInputEvents[sdk=iphonesimulator*]" = YES;
				"INFOPLIST_KEY_UILaunchScreen_Generation[sdk=iphoneos*]" = YES;
				"INFOPLIST_KEY_UILaunchScreen_Generation[sdk=iphonesimulator*]" = YES;
				INFOPLIST_KEY_UIRequiresFullScreen = YES;
				"INFOPLIST_KEY_UIStatusBarStyle[sdk=iphoneos*]" = UIStatusBarStyleDefault;
				"INFOPLIST_KEY_UIStatusBarStyle[sdk=iphonesimulator*]" = UIStatusBarStyleDefault;
				INFOPLIST_KEY_UISupportedInterfaceOrientations = "UIInterfaceOrientationLandscapeLeft UIInterfaceOrientationLandscapeRight UIInterfaceOrientationPortrait";
				IPHONEOS_DEPLOYMENT_TARGET = 14.5;
				LD_RUNPATH_SEARCH_PATHS = "@executable_path/Frameworks";
				"LD_RUNPATH_SEARCH_PATHS[sdk=macosx*]" = "@executable_path/../Frameworks";
				MACOSX_DEPLOYMENT_TARGET = 14.5;
				MARKETING_VERSION = 1.0.1;
				PRODUCT_BUNDLE_IDENTIFIER = com.ptwtmonline.game;
				PRODUCT_NAME = "Potawatomi Online";
				PROVISIONING_PROFILE_SPECIFIER = "";
				SDKROOT = auto;
				SUPPORTED_PLATFORMS = "iphoneos iphonesimulator";
				SUPPORTS_MACCATALYST = NO;
				SWIFT_EMIT_LOC_STRINGS = YES;
				SWIFT_VERSION = 5.0;
				TARGETED_DEVICE_FAMILY = "1,2";
			};
			name = Debug;
		};
		DD0CAA752D78D75F00F083CB /* Release */ = {
			isa = XCBuildConfiguration;
			buildSettings = {
				ASSETCATALOG_COMPILER_APPICON_NAME = AppIcon;
				ASSETCATALOG_COMPILER_GLOBAL_ACCENT_COLOR_NAME = AccentColor;
				CODE_SIGN_ENTITLEMENTS = "Potawatomi Online/Potawatomi_Online.entitlements";
				CODE_SIGN_IDENTITY = "Apple Development";
				CODE_SIGN_STYLE = Automatic;
				CURRENT_PROJECT_VERSION = 1;
				DEVELOPMENT_ASSET_PATHS = "\"Potawatomi Online/Preview Content\"";
				DEVELOPMENT_TEAM = "";
				ENABLE_HARDENED_RUNTIME = YES;
				ENABLE_PREVIEWS = YES;
				GENERATE_INFOPLIST_FILE = YES;
				INFOPLIST_FILE = "Potawatomi-Online-Info.plist";
				"INFOPLIST_KEY_UIApplicationSceneManifest_Generation[sdk=iphoneos*]" = YES;
				"INFOPLIST_KEY_UIApplicationSceneManifest_Generation[sdk=iphonesimulator*]" = YES;
				"INFOPLIST_KEY_UIApplicationSupportsIndirectInputEvents[sdk=iphoneos*]" = YES;
				"INFOPLIST_KEY_UIApplicationSupportsIndirectInputEvents[sdk=iphonesimulator*]" = YES;
				"INFOPLIST_KEY_UILaunchScreen_Generation[sdk=iphoneos*]" = YES;
				"INFOPLIST_KEY_UILaunchScreen_Generation[sdk=iphonesimulator*]" = YES;
				INFOPLIST_KEY_UIRequiresFullScreen = YES;
				"INFOPLIST_KEY_UIStatusBarStyle[sdk=iphoneos*]" = UIStatusBarStyleDefault;
				"INFOPLIST_KEY_UIStatusBarStyle[sdk=iphonesimulator*]" = UIStatusBarStyleDefault;
				INFOPLIST_KEY_UISupportedInterfaceOrientations = "UIInterfaceOrientationLandscapeLeft UIInterfaceOrientationLandscapeRight UIInterfaceOrientationPortrait";
				IPHONEOS_DEPLOYMENT_TARGET = 14.5;
				LD_RUNPATH_SEARCH_PATHS = "@executable_path/Frameworks";
				"LD_RUNPATH_SEARCH_PATHS[sdk=macosx*]" = "@executable_path/../Frameworks";
				MACOSX_DEPLOYMENT_TARGET = 14.5;
				MARKETING_VERSION = 1.0.1;
				PRODUCT_BUNDLE_IDENTIFIER = com.ptwtmonline.game;
				PRODUCT_NAME = "Potawatomi Online";
				PROVISIONING_PROFILE_SPECIFIER = "";
				SDKROOT = auto;
				SUPPORTED_PLATFORMS = "iphoneos iphonesimulator";
				SUPPORTS_MACCATALYST = NO;
				SWIFT_EMIT_LOC_STRINGS = YES;
				SWIFT_VERSION = 5.0;
				TARGETED_DEVICE_FAMILY = "1,2";
			};
			name = Release;
		};
/* End XCBuildConfiguration section */

/* Begin XCConfigurationList section */
		DD0CAA5F2D78D75E00F083CB /* Build configuration list for PBXProject "Potawatomi Online" */ = {
			isa = XCConfigurationList;
			buildConfigurations = (
				DD0CAA712D78D75F00F083CB /* Debug */,
				DD0CAA722D78D75F00F083CB /* Release */,
			);
			defaultConfigurationIsVisible = 0;
			defaultConfigurationName = Release;
		};
		DD0CAA732D78D75F00F083CB /* Build configuration list for PBXNativeTarget "Potawatomi Online" */ = {
			isa = XCConfigurationList;
			buildConfigurations = (
				DD0CAA742D78D75F00F083CB /* Debug */,
				DD0CAA752D78D75F00F083CB /* Release */,
			);
			defaultConfigurationIsVisible = 0;
			defaultConfigurationName = Release;
		};
/* End XCConfigurationList section */
	};
	rootObject = DD0CAA5C2D78D75E00F083CB /* Project object */;
}
